
Microsoft Visual Studio Solution File, Format Version 12.00
# Visual Studio Version 17
VisualStudioVersion = 17.5.33516.290
MinimumVisualStudioVersion = 10.0.40219.1
Project("{FAE04EC0-301F-11D3-BF4B-00C04F79EFBC}") = "JWTLearn", "JWTLearn\JWTLearn.csproj", "{367A8B23-215A-44AB-AD5A-7CD9068FEE9B}"
EndProject
Global
	GlobalSection(SolutionConfigurationPlatforms) = preSolution
		Debug|Any CPU = Debug|Any CPU
		Release|Any CPU = Release|Any CPU
	EndGlobalSection
	GlobalSection(ProjectConfigurationPlatforms) = postSolution
		{367A8B23-215A-44AB-AD5A-7CD9068FEE9B}.Debug|Any CPU.ActiveCfg = Debug|Any CPU
		{367A8B23-215A-44AB-AD5A-7CD9068FEE9B}.Debug|Any CPU.Build.0 = Debug|Any CPU
		{367A8B23-215A-44AB-AD5A-7CD9068FEE9B}.Release|Any CPU.ActiveCfg = Release|Any CPU
		{367A8B23-215A-44AB-AD5A-7CD9068FEE9B}.Release|Any CPU.Build.0 = Release|Any CPU
	EndGlobalSection
	GlobalSection(SolutionProperties) = preSolution
		HideSolutionNode = FALSE
	EndGlobalSection
	GlobalSection(ExtensibilityGlobals) = postSolution
		SolutionGuid = {3FF5C73F-1731-4B2C-BF81-9C4919B5CF90}
	EndGlobalSection
EndGlobal
